
Microsoft Visual Studio Solution File, Format Version 12.00
# Visual Studio Version 17
VisualStudioVersion = 17.0.32126.317
MinimumVisualStudioVersion = 10.0.40219.1
Project("{FAE04EC0-301F-11D3-BF4B-00C04F79EFBC}") = "1.Udemy-ConsoleApp1", "Udemy-ConsoleApp1\1.Udemy-ConsoleApp1.csproj", "{BFABEE44-BACB-4550-BC51-C3811A6FC3D7}"
EndProject
Project("{9A19103F-16F7-4668-BE54-9A1E7A4F7556}") = "2.Udemy-Collection-Exception", "2.Udemy-Collection-Exception\2.Udemy-Collection-Exception.csproj", "{039694ED-3A13-4309-9BD0-18C82D553C90}"
EndProject
Project("{9A19103F-16F7-4668-BE54-9A1E7A4F7556}") = "3.Udemy-Methods", "Methods\3.Udemy-Methods.csproj", "{2F115284-A5E3-4252-A307-223078F1CC10}"
EndProject
Project("{9A19103F-16F7-4668-BE54-9A1E7A4F7556}") = "4.Udemy-Classes", "4.Udemy-Classes\4.Udemy-Classes.csproj", "{70EC120D-A708-4AC0-BF8A-7965F1A2A331}"
EndProject
Project("{9A19103F-16F7-4668-BE54-9A1E7A4F7556}") = "5.Udemy-NameSpaces", "5.Udemy-NameSpaces\5.Udemy-NameSpaces.csproj", "{C5A101B8-7D6A-470D-A50B-19DAB0EB0AC8}"
EndProject
Project("{9A19103F-16F7-4668-BE54-9A1E7A4F7556}") = "6.Udemy-İnharetance(Kalıtım)", "6.Udemy-İnharetance(Kalıtım)\6.Udemy-İnharetance(Kalıtım).csproj", "{639CE8F2-D79F-4C5C-B376-C4B3FDCFA995}"
EndProject
Project("{9A19103F-16F7-4668-BE54-9A1E7A4F7556}") = "7.Udemy-PolyMorphism", "7.Udemy-PolyMorphism\7.Udemy-PolyMorphism.csproj", "{EDB0AE83-BBF0-4C18-B928-71920028BAE0}"
EndProject
Project("{9A19103F-16F7-4668-BE54-9A1E7A4F7556}") = "8.Udemy-Delegates", "8.Udemy-Delegates\8.Udemy-Delegates.csproj", "{8FAD345D-13A5-44E9-BB37-AC0A788F4AFC}"
EndProject
Project("{9A19103F-16F7-4668-BE54-9A1E7A4F7556}") = "9.Udemy-DelegateEvent", "9.Udemy-DelegateEvent\9.Udemy-DelegateEvent.csproj", "{410A47D9-1C54-4429-B784-9AC6C2139363}"
EndProject
Project("{9A19103F-16F7-4668-BE54-9A1E7A4F7556}") = "10.Udemy-ActionFunc", "10.Udemy-ActionFunc\10.Udemy-ActionFunc.csproj", "{AB7E1728-5AA3-4C34-AF3E-E0D2B098238F}"
EndProject
Project("{9A19103F-16F7-4668-BE54-9A1E7A4F7556}") = "11.Udemy-LINQ", "11.Udemy-LINQ\11.Udemy-LINQ.csproj", "{CA7F89D3-55D3-4E93-99DA-6B77343F8243}"
EndProject
Project("{FAE04EC0-301F-11D3-BF4B-00C04F79EFBC}") = "12.Udemy-ADO.NET", "12.Udemy-ADO.NET\12.Udemy-ADO.NET.csproj", "{360AF6F1-595E-4E0D-8DE1-A85F04D322C7}"
EndProject
Project("{FAE04EC0-301F-11D3-BF4B-00C04F79EFBC}") = "13.Udemy-ADO.NET-Northwind", "13.Udemy-ADO.NET-Northwind\13.Udemy-ADO.NET-Northwind.csproj", "{35519680-40EF-4BFC-BEF0-AC5E1243A6BE}"
EndProject
Project("{FAE04EC0-301F-11D3-BF4B-00C04F79EFBC}") = "14.Udemy-Entity-Facade", "14.Udemy-Entity-Facade\14.Udemy-Entity-Facade.csproj", "{5FAC42DC-6293-4AE7-A38D-308364D849DD}"
EndProject
Project("{FAE04EC0-301F-11D3-BF4B-00C04F79EFBC}") = "14.BLL", "14.BLL\14.BLL.csproj", "{BAF411DE-EA3D-40E3-A320-82CB9D500EDE}"
EndProject
Project("{2150E333-8FDC-42A3-9474-1A3956D46DE8}") = "14.Udemy-Entity", "14.Udemy-Entity", "{57E7CCC6-12CD-45CC-83C9-F1C3D3B84D3D}"
EndProject
Project("{FAE04EC0-301F-11D3-BF4B-00C04F79EFBC}") = "14.Entity", "14.Entity\14.Entity.csproj", "{CBB195A9-E3BB-42CC-A7AE-9C641CFF3A03}"
EndProject
Project("{FAE04EC0-301F-11D3-BF4B-00C04F79EFBC}") = "14.Facade", "14.Facade\14.Facade.csproj", "{E19A577F-8FA1-4A9F-A73C-6D80077E84B7}"
EndProject
Global
	GlobalSection(SolutionConfigurationPlatforms) = preSolution
		Debug|Any CPU = Debug|Any CPU
		Release|Any CPU = Release|Any CPU
	EndGlobalSection
	GlobalSection(ProjectConfigurationPlatforms) = postSolution
		{BFABEE44-BACB-4550-BC51-C3811A6FC3D7}.Debug|Any CPU.ActiveCfg = Debug|Any CPU
		{BFABEE44-BACB-4550-BC51-C3811A6FC3D7}.Debug|Any CPU.Build.0 = Debug|Any CPU
		{BFABEE44-BACB-4550-BC51-C3811A6FC3D7}.Release|Any CPU.ActiveCfg = Release|Any CPU
		{BFABEE44-BACB-4550-BC51-C3811A6FC3D7}.Release|Any CPU.Build.0 = Release|Any CPU
		{039694ED-3A13-4309-9BD0-18C82D553C90}.Debug|Any CPU.ActiveCfg = Debug|Any CPU
		{039694ED-3A13-4309-9BD0-18C82D553C90}.Debug|Any CPU.Build.0 = Debug|Any CPU
		{039694ED-3A13-4309-9BD0-18C82D553C90}.Release|Any CPU.ActiveCfg = Release|Any CPU
		{039694ED-3A13-4309-9BD0-18C82D553C90}.Release|Any CPU.Build.0 = Release|Any CPU
		{2F115284-A5E3-4252-A307-223078F1CC10}.Debug|Any CPU.ActiveCfg = Debug|Any CPU
		{2F115284-A5E3-4252-A307-223078F1CC10}.Debug|Any CPU.Build.0 = Debug|Any CPU
		{2F115284-A5E3-4252-A307-223078F1CC10}.Release|Any CPU.ActiveCfg = Release|Any CPU
		{2F115284-A5E3-4252-A307-223078F1CC10}.Release|Any CPU.Build.0 = Release|Any CPU
		{70EC120D-A708-4AC0-BF8A-7965F1A2A331}.Debug|Any CPU.ActiveCfg = Debug|Any CPU
		{70EC120D-A708-4AC0-BF8A-7965F1A2A331}.Debug|Any CPU.Build.0 = Debug|Any CPU
		{70EC120D-A708-4AC0-BF8A-7965F1A2A331}.Release|Any CPU.ActiveCfg = Release|Any CPU
		{70EC120D-A708-4AC0-BF8A-7965F1A2A331}.Release|Any CPU.Build.0 = Release|Any CPU
		{C5A101B8-7D6A-470D-A50B-19DAB0EB0AC8}.Debug|Any CPU.ActiveCfg = Debug|Any CPU
		{C5A101B8-7D6A-470D-A50B-19DAB0EB0AC8}.Debug|Any CPU.Build.0 = Debug|Any CPU
		{C5A101B8-7D6A-470D-A50B-19DAB0EB0AC8}.Release|Any CPU.ActiveCfg = Release|Any CPU
		{C5A101B8-7D6A-470D-A50B-19DAB0EB0AC8}.Release|Any CPU.Build.0 = Release|Any CPU
		{639CE8F2-D79F-4C5C-B376-C4B3FDCFA995}.Debug|Any CPU.ActiveCfg = Debug|Any CPU
		{639CE8F2-D79F-4C5C-B376-C4B3FDCFA995}.Debug|Any CPU.Build.0 = Debug|Any CPU
		{639CE8F2-D79F-4C5C-B376-C4B3FDCFA995}.Release|Any CPU.ActiveCfg = Release|Any CPU
		{639CE8F2-D79F-4C5C-B376-C4B3FDCFA995}.Release|Any CPU.Build.0 = Release|Any CPU
		{EDB0AE83-BBF0-4C18-B928-71920028BAE0}.Debug|Any CPU.ActiveCfg = Debug|Any CPU
		{EDB0AE83-BBF0-4C18-B928-71920028BAE0}.Debug|Any CPU.Build.0 = Debug|Any CPU
		{EDB0AE83-BBF0-4C18-B928-71920028BAE0}.Release|Any CPU.ActiveCfg = Release|Any CPU
		{EDB0AE83-BBF0-4C18-B928-71920028BAE0}.Release|Any CPU.Build.0 = Release|Any CPU
		{8FAD345D-13A5-44E9-BB37-AC0A788F4AFC}.Debug|Any CPU.ActiveCfg = Debug|Any CPU
		{8FAD345D-13A5-44E9-BB37-AC0A788F4AFC}.Debug|Any CPU.Build.0 = Debug|Any CPU
		{8FAD345D-13A5-44E9-BB37-AC0A788F4AFC}.Release|Any CPU.ActiveCfg = Release|Any CPU
		{8FAD345D-13A5-44E9-BB37-AC0A788F4AFC}.Release|Any CPU.Build.0 = Release|Any CPU
		{410A47D9-1C54-4429-B784-9AC6C2139363}.Debug|Any CPU.ActiveCfg = Debug|Any CPU
		{410A47D9-1C54-4429-B784-9AC6C2139363}.Debug|Any CPU.Build.0 = Debug|Any CPU
		{410A47D9-1C54-4429-B784-9AC6C2139363}.Release|Any CPU.ActiveCfg = Release|Any CPU
		{410A47D9-1C54-4429-B784-9AC6C2139363}.Release|Any CPU.Build.0 = Release|Any CPU
		{AB7E1728-5AA3-4C34-AF3E-E0D2B098238F}.Debug|Any CPU.ActiveCfg = Debug|Any CPU
		{AB7E1728-5AA3-4C34-AF3E-E0D2B098238F}.Debug|Any CPU.Build.0 = Debug|Any CPU
		{AB7E1728-5AA3-4C34-AF3E-E0D2B098238F}.Release|Any CPU.ActiveCfg = Release|Any CPU
		{AB7E1728-5AA3-4C34-AF3E-E0D2B098238F}.Release|Any CPU.Build.0 = Release|Any CPU
		{CA7F89D3-55D3-4E93-99DA-6B77343F8243}.Debug|Any CPU.ActiveCfg = Debug|Any CPU
		{CA7F89D3-55D3-4E93-99DA-6B77343F8243}.Debug|Any CPU.Build.0 = Debug|Any CPU
		{CA7F89D3-55D3-4E93-99DA-6B77343F8243}.Release|Any CPU.ActiveCfg = Release|Any CPU
		{CA7F89D3-55D3-4E93-99DA-6B77343F8243}.Release|Any CPU.Build.0 = Release|Any CPU
		{360AF6F1-595E-4E0D-8DE1-A85F04D322C7}.Debug|Any CPU.ActiveCfg = Debug|Any CPU
		{360AF6F1-595E-4E0D-8DE1-A85F04D322C7}.Debug|Any CPU.Build.0 = Debug|Any CPU
		{360AF6F1-595E-4E0D-8DE1-A85F04D322C7}.Release|Any CPU.ActiveCfg = Release|Any CPU
		{360AF6F1-595E-4E0D-8DE1-A85F04D322C7}.Release|Any CPU.Build.0 = Release|Any CPU
		{35519680-40EF-4BFC-BEF0-AC5E1243A6BE}.Debug|Any CPU.ActiveCfg = Debug|Any CPU
		{35519680-40EF-4BFC-BEF0-AC5E1243A6BE}.Debug|Any CPU.Build.0 = Debug|Any CPU
		{35519680-40EF-4BFC-BEF0-AC5E1243A6BE}.Release|Any CPU.ActiveCfg = Release|Any CPU
		{35519680-40EF-4BFC-BEF0-AC5E1243A6BE}.Release|Any CPU.Build.0 = Release|Any CPU
		{5FAC42DC-6293-4AE7-A38D-308364D849DD}.Debug|Any CPU.ActiveCfg = Debug|Any CPU
		{5FAC42DC-6293-4AE7-A38D-308364D849DD}.Debug|Any CPU.Build.0 = Debug|Any CPU
		{5FAC42DC-6293-4AE7-A38D-308364D849DD}.Release|Any CPU.ActiveCfg = Release|Any CPU
		{5FAC42DC-6293-4AE7-A38D-308364D849DD}.Release|Any CPU.Build.0 = Release|Any CPU
		{BAF411DE-EA3D-40E3-A320-82CB9D500EDE}.Debug|Any CPU.ActiveCfg = Debug|Any CPU
		{BAF411DE-EA3D-40E3-A320-82CB9D500EDE}.Debug|Any CPU.Build.0 = Debug|Any CPU
		{BAF411DE-EA3D-40E3-A320-82CB9D500EDE}.Release|Any CPU.ActiveCfg = Release|Any CPU
		{BAF411DE-EA3D-40E3-A320-82CB9D500EDE}.Release|Any CPU.Build.0 = Release|Any CPU
		{CBB195A9-E3BB-42CC-A7AE-9C641CFF3A03}.Debug|Any CPU.ActiveCfg = Debug|Any CPU
		{CBB195A9-E3BB-42CC-A7AE-9C641CFF3A03}.Debug|Any CPU.Build.0 = Debug|Any CPU
		{CBB195A9-E3BB-42CC-A7AE-9C641CFF3A03}.Release|Any CPU.ActiveCfg = Release|Any CPU
		{CBB195A9-E3BB-42CC-A7AE-9C641CFF3A03}.Release|Any CPU.Build.0 = Release|Any CPU
		{E19A577F-8FA1-4A9F-A73C-6D80077E84B7}.Debug|Any CPU.ActiveCfg = Debug|Any CPU
		{E19A577F-8FA1-4A9F-A73C-6D80077E84B7}.Debug|Any CPU.Build.0 = Debug|Any CPU
		{E19A577F-8FA1-4A9F-A73C-6D80077E84B7}.Release|Any CPU.ActiveCfg = Release|Any CPU
		{E19A577F-8FA1-4A9F-A73C-6D80077E84B7}.Release|Any CPU.Build.0 = Release|Any CPU
	EndGlobalSection
	GlobalSection(SolutionProperties) = preSolution
		HideSolutionNode = FALSE
	EndGlobalSection
	GlobalSection(NestedProjects) = preSolution
		{5FAC42DC-6293-4AE7-A38D-308364D849DD} = {57E7CCC6-12CD-45CC-83C9-F1C3D3B84D3D}
		{BAF411DE-EA3D-40E3-A320-82CB9D500EDE} = {57E7CCC6-12CD-45CC-83C9-F1C3D3B84D3D}
		{CBB195A9-E3BB-42CC-A7AE-9C641CFF3A03} = {57E7CCC6-12CD-45CC-83C9-F1C3D3B84D3D}
		{E19A577F-8FA1-4A9F-A73C-6D80077E84B7} = {57E7CCC6-12CD-45CC-83C9-F1C3D3B84D3D}
	EndGlobalSection
	GlobalSection(ExtensibilityGlobals) = postSolution
		SolutionGuid = {B5052EB2-11E1-410D-A819-71473D2FCC54}
	EndGlobalSection
EndGlobal
