
Microsoft Visual Studio Solution File, Format Version 12.00
# Visual Studio Version 17
VisualStudioVersion = 17.0.32126.317
MinimumVisualStudioVersion = 10.0.40219.1
Project("{FAE04EC0-301F-11D3-BF4B-00C04F79EFBC}") = "1.Udemy-ConsoleApp1", "Udemy-ConsoleApp1\1.Udemy-ConsoleApp1.csproj", "{BFABEE44-BACB-4550-BC51-C3811A6FC3D7}"
EndProject
Project("{9A19103F-16F7-4668-BE54-9A1E7A4F7556}") = "2.Udemy-Collection-Exception", "2.Udemy-Collection-Exception\2.Udemy-Collection-Exception.csproj", "{039694ED-3A13-4309-9BD0-18C82D553C90}"
EndProject
Project("{9A19103F-16F7-4668-BE54-9A1E7A4F7556}") = "3.Udemy-Methods", "Methods\3.Udemy-Methods.csproj", "{2F115284-A5E3-4252-A307-223078F1CC10}"
EndProject
Project("{9A19103F-16F7-4668-BE54-9A1E7A4F7556}") = "4.Udemy-Classes", "4.Udemy-Classes\4.Udemy-Classes.csproj", "{70EC120D-A708-4AC0-BF8A-7965F1A2A331}"
EndProject
Project("{9A19103F-16F7-4668-BE54-9A1E7A4F7556}") = "5.Udemy-NameSpaces", "5.Udemy-NameSpaces\5.Udemy-NameSpaces.csproj", "{C5A101B8-7D6A-470D-A50B-19DAB0EB0AC8}"
EndProject
Project("{9A19103F-16F7-4668-BE54-9A1E7A4F7556}") = "6.Udemy-İnharetance(Kalıtım)", "6.Udemy-İnharetance(Kalıtım)\6.Udemy-İnharetance(Kalıtım).csproj", "{639CE8F2-D79F-4C5C-B376-C4B3FDCFA995}"
EndProject
Project("{9A19103F-16F7-4668-BE54-9A1E7A4F7556}") = "7.Udemy-PolyMorphism", "7.Udemy-PolyMorphism\7.Udemy-PolyMorphism.csproj", "{EDB0AE83-BBF0-4C18-B928-71920028BAE0}"
EndProject
Project("{FAE04EC0-301F-11D3-BF4B-00C04F79EFBC}") = "8.Udemy-Delegates", "8.Udemy-Delegates\8.Udemy-Delegates.csproj", "{8FAD345D-13A5-44E9-BB37-AC0A788F4AFC}"
EndProject
Project("{FAE04EC0-301F-11D3-BF4B-00C04F79EFBC}") = "9.Udemy-DelegateEvent", "9.Udemy-DelegateEvent\9.Udemy-DelegateEvent.csproj", "{410A47D9-1C54-4429-B784-9AC6C2139363}"
EndProject
Project("{FAE04EC0-301F-11D3-BF4B-00C04F79EFBC}") = "10.Udemy-ActionFunc", "10.Udemy-ActionFunc\10.Udemy-ActionFunc.csproj", "{AB7E1728-5AA3-4C34-AF3E-E0D2B098238F}"
EndProject
Global
	GlobalSection(SolutionConfigurationPlatforms) = preSolution
		Debug|Any CPU = Debug|Any CPU
		Release|Any CPU = Release|Any CPU
	EndGlobalSection
	GlobalSection(ProjectConfigurationPlatforms) = postSolution
		{BFABEE44-BACB-4550-BC51-C3811A6FC3D7}.Debug|Any CPU.ActiveCfg = Debug|Any CPU
		{BFABEE44-BACB-4550-BC51-C3811A6FC3D7}.Debug|Any CPU.Build.0 = Debug|Any CPU
		{BFABEE44-BACB-4550-BC51-C3811A6FC3D7}.Release|Any CPU.ActiveCfg = Release|Any CPU
		{BFABEE44-BACB-4550-BC51-C3811A6FC3D7}.Release|Any CPU.Build.0 = Release|Any CPU
		{039694ED-3A13-4309-9BD0-18C82D553C90}.Debug|Any CPU.ActiveCfg = Debug|Any CPU
		{039694ED-3A13-4309-9BD0-18C82D553C90}.Debug|Any CPU.Build.0 = Debug|Any CPU
		{039694ED-3A13-4309-9BD0-18C82D553C90}.Release|Any CPU.ActiveCfg = Release|Any CPU
		{039694ED-3A13-4309-9BD0-18C82D553C90}.Release|Any CPU.Build.0 = Release|Any CPU
		{2F115284-A5E3-4252-A307-223078F1CC10}.Debug|Any CPU.ActiveCfg = Debug|Any CPU
		{2F115284-A5E3-4252-A307-223078F1CC10}.Debug|Any CPU.Build.0 = Debug|Any CPU
		{2F115284-A5E3-4252-A307-223078F1CC10}.Release|Any CPU.ActiveCfg = Release|Any CPU
		{2F115284-A5E3-4252-A307-223078F1CC10}.Release|Any CPU.Build.0 = Release|Any CPU
		{70EC120D-A708-4AC0-BF8A-7965F1A2A331}.Debug|Any CPU.ActiveCfg = Debug|Any CPU
		{70EC120D-A708-4AC0-BF8A-7965F1A2A331}.Debug|Any CPU.Build.0 = Debug|Any CPU
		{70EC120D-A708-4AC0-BF8A-7965F1A2A331}.Release|Any CPU.ActiveCfg = Release|Any CPU
		{70EC120D-A708-4AC0-BF8A-7965F1A2A331}.Release|Any CPU.Build.0 = Release|Any CPU
		{C5A101B8-7D6A-470D-A50B-19DAB0EB0AC8}.Debug|Any CPU.ActiveCfg = Debug|Any CPU
		{C5A101B8-7D6A-470D-A50B-19DAB0EB0AC8}.Debug|Any CPU.Build.0 = Debug|Any CPU
		{C5A101B8-7D6A-470D-A50B-19DAB0EB0AC8}.Release|Any CPU.ActiveCfg = Release|Any CPU
		{C5A101B8-7D6A-470D-A50B-19DAB0EB0AC8}.Release|Any CPU.Build.0 = Release|Any CPU
		{639CE8F2-D79F-4C5C-B376-C4B3FDCFA995}.Debug|Any CPU.ActiveCfg = Debug|Any CPU
		{639CE8F2-D79F-4C5C-B376-C4B3FDCFA995}.Debug|Any CPU.Build.0 = Debug|Any CPU
		{639CE8F2-D79F-4C5C-B376-C4B3FDCFA995}.Release|Any CPU.ActiveCfg = Release|Any CPU
		{639CE8F2-D79F-4C5C-B376-C4B3FDCFA995}.Release|Any CPU.Build.0 = Release|Any CPU
		{EDB0AE83-BBF0-4C18-B928-71920028BAE0}.Debug|Any CPU.ActiveCfg = Debug|Any CPU
		{EDB0AE83-BBF0-4C18-B928-71920028BAE0}.Debug|Any CPU.Build.0 = Debug|Any CPU
		{EDB0AE83-BBF0-4C18-B928-71920028BAE0}.Release|Any CPU.ActiveCfg = Release|Any CPU
		{EDB0AE83-BBF0-4C18-B928-71920028BAE0}.Release|Any CPU.Build.0 = Release|Any CPU
		{8FAD345D-13A5-44E9-BB37-AC0A788F4AFC}.Debug|Any CPU.ActiveCfg = Debug|Any CPU
		{8FAD345D-13A5-44E9-BB37-AC0A788F4AFC}.Debug|Any CPU.Build.0 = Debug|Any CPU
		{8FAD345D-13A5-44E9-BB37-AC0A788F4AFC}.Release|Any CPU.ActiveCfg = Release|Any CPU
		{8FAD345D-13A5-44E9-BB37-AC0A788F4AFC}.Release|Any CPU.Build.0 = Release|Any CPU
		{410A47D9-1C54-4429-B784-9AC6C2139363}.Debug|Any CPU.ActiveCfg = Debug|Any CPU
		{410A47D9-1C54-4429-B784-9AC6C2139363}.Debug|Any CPU.Build.0 = Debug|Any CPU
		{410A47D9-1C54-4429-B784-9AC6C2139363}.Release|Any CPU.ActiveCfg = Release|Any CPU
		{410A47D9-1C54-4429-B784-9AC6C2139363}.Release|Any CPU.Build.0 = Release|Any CPU
		{AB7E1728-5AA3-4C34-AF3E-E0D2B098238F}.Debug|Any CPU.ActiveCfg = Debug|Any CPU
		{AB7E1728-5AA3-4C34-AF3E-E0D2B098238F}.Debug|Any CPU.Build.0 = Debug|Any CPU
		{AB7E1728-5AA3-4C34-AF3E-E0D2B098238F}.Release|Any CPU.ActiveCfg = Release|Any CPU
		{AB7E1728-5AA3-4C34-AF3E-E0D2B098238F}.Release|Any CPU.Build.0 = Release|Any CPU
	EndGlobalSection
	GlobalSection(SolutionProperties) = preSolution
		HideSolutionNode = FALSE
	EndGlobalSection
	GlobalSection(ExtensibilityGlobals) = postSolution
		SolutionGuid = {B5052EB2-11E1-410D-A819-71473D2FCC54}
	EndGlobalSection
EndGlobal
