
Microsoft Visual Studio Solution File, Format Version 12.00
# Visual Studio Version 17
VisualStudioVersion = 17.0.32126.317
MinimumVisualStudioVersion = 10.0.40219.1
Project("{FAE04EC0-301F-11D3-BF4B-00C04F79EFBC}") = "1.Udemy-ConsoleApp1", "Udemy-ConsoleApp1\1.Udemy-ConsoleApp1.csproj", "{BFABEE44-BACB-4550-BC51-C3811A6FC3D7}"
EndProject
Project("{9A19103F-16F7-4668-BE54-9A1E7A4F7556}") = "2.Udemy-Collection-Exception", "2.Udemy-Collection-Exception\2.Udemy-Collection-Exception.csproj", "{039694ED-3A13-4309-9BD0-18C82D553C90}"
EndProject
Project("{FAE04EC0-301F-11D3-BF4B-00C04F79EFBC}") = "3.Udemy-Methods", "Methods\3.Udemy-Methods.csproj", "{2F115284-A5E3-4252-A307-223078F1CC10}"
EndProject
Project("{FAE04EC0-301F-11D3-BF4B-00C04F79EFBC}") = "4.Udemy-Classes", "4.Udemy-Classes\4.Udemy-Classes.csproj", "{70EC120D-A708-4AC0-BF8A-7965F1A2A331}"
EndProject
Global
	GlobalSection(SolutionConfigurationPlatforms) = preSolution
		Debug|Any CPU = Debug|Any CPU
		Release|Any CPU = Release|Any CPU
	EndGlobalSection
	GlobalSection(ProjectConfigurationPlatforms) = postSolution
		{BFABEE44-BACB-4550-BC51-C3811A6FC3D7}.Debug|Any CPU.ActiveCfg = Debug|Any CPU
		{BFABEE44-BACB-4550-BC51-C3811A6FC3D7}.Debug|Any CPU.Build.0 = Debug|Any CPU
		{BFABEE44-BACB-4550-BC51-C3811A6FC3D7}.Release|Any CPU.ActiveCfg = Release|Any CPU
		{BFABEE44-BACB-4550-BC51-C3811A6FC3D7}.Release|Any CPU.Build.0 = Release|Any CPU
		{039694ED-3A13-4309-9BD0-18C82D553C90}.Debug|Any CPU.ActiveCfg = Debug|Any CPU
		{039694ED-3A13-4309-9BD0-18C82D553C90}.Debug|Any CPU.Build.0 = Debug|Any CPU
		{039694ED-3A13-4309-9BD0-18C82D553C90}.Release|Any CPU.ActiveCfg = Release|Any CPU
		{039694ED-3A13-4309-9BD0-18C82D553C90}.Release|Any CPU.Build.0 = Release|Any CPU
		{2F115284-A5E3-4252-A307-223078F1CC10}.Debug|Any CPU.ActiveCfg = Debug|Any CPU
		{2F115284-A5E3-4252-A307-223078F1CC10}.Debug|Any CPU.Build.0 = Debug|Any CPU
		{2F115284-A5E3-4252-A307-223078F1CC10}.Release|Any CPU.ActiveCfg = Release|Any CPU
		{2F115284-A5E3-4252-A307-223078F1CC10}.Release|Any CPU.Build.0 = Release|Any CPU
		{70EC120D-A708-4AC0-BF8A-7965F1A2A331}.Debug|Any CPU.ActiveCfg = Debug|Any CPU
		{70EC120D-A708-4AC0-BF8A-7965F1A2A331}.Debug|Any CPU.Build.0 = Debug|Any CPU
		{70EC120D-A708-4AC0-BF8A-7965F1A2A331}.Release|Any CPU.ActiveCfg = Release|Any CPU
		{70EC120D-A708-4AC0-BF8A-7965F1A2A331}.Release|Any CPU.Build.0 = Release|Any CPU
	EndGlobalSection
	GlobalSection(SolutionProperties) = preSolution
		HideSolutionNode = FALSE
	EndGlobalSection
	GlobalSection(ExtensibilityGlobals) = postSolution
		SolutionGuid = {B5052EB2-11E1-410D-A819-71473D2FCC54}
	EndGlobalSection
EndGlobal
